// !$*UTF8*$!
{
	archiveVersion = 1;
	classes = {
	};
	objectVersion = 56;
	objects = {

/* Begin PBXBuildFile section */
		9AB3622E2CAB359000CBA5DD /* UserRegistration.swift in Sources */ = {isa = PBXBuildFile; fileRef = 9AB3622D2CAB359000CBA5DD /* UserRegistration.swift */; };
		9AB362302CAB360C00CBA5DD /* UserLogin.swift in Sources */ = {isa = PBXBuildFile; fileRef = 9AB3622F2CAB360C00CBA5DD /* UserLogin.swift */; };
		9AC76AAF2C8BD97E00EFC14C /* TeachEaseApp.swift in Sources */ = {isa = PBXBuildFile; fileRef = 9AC76AAE2C8BD97E00EFC14C /* TeachEaseApp.swift */; };
		9AC76AB12C8BD97E00EFC14C /* ContentView.swift in Sources */ = {isa = PBXBuildFile; fileRef = 9AC76AB02C8BD97E00EFC14C /* ContentView.swift */; };
		9AC76AB32C8BD97F00EFC14C /* Assets.xcassets in Resources */ = {isa = PBXBuildFile; fileRef = 9AC76AB22C8BD97F00EFC14C /* Assets.xcassets */; };
		9AC76AB62C8BD97F00EFC14C /* Preview Assets.xcassets in Resources */ = {isa = PBXBuildFile; fileRef = 9AC76AB52C8BD97F00EFC14C /* Preview Assets.xcassets */; };
		9AC76ABF2C8BDFB700EFC14C /* GoogleService-Info.plist in Resources */ = {isa = PBXBuildFile; fileRef = 9AC76ABE2C8BDFB700EFC14C /* GoogleService-Info.plist */; };
		9AC76AC22C8BE34000EFC14C /* FirebaseAuth in Frameworks */ = {isa = PBXBuildFile; productRef = 9AC76AC12C8BE34000EFC14C /* FirebaseAuth */; };
		9AC76AC42C8BE34000EFC14C /* FirebaseFirestore in Frameworks */ = {isa = PBXBuildFile; productRef = 9AC76AC32C8BE34000EFC14C /* FirebaseFirestore */; };
		9AC76AC62C8BE34000EFC14C /* FirebaseStorage in Frameworks */ = {isa = PBXBuildFile; productRef = 9AC76AC52C8BE34000EFC14C /* FirebaseStorage */; };
		9AC76ACA2C8BEC2500EFC14C /* RegisterView.swift in Sources */ = {isa = PBXBuildFile; fileRef = 9AC76AC92C8BEC2500EFC14C /* RegisterView.swift */; };
		9AC76ACC2C8BEDCE00EFC14C /* LoginView.swift in Sources */ = {isa = PBXBuildFile; fileRef = 9AC76ACB2C8BEDCE00EFC14C /* LoginView.swift */; };
		9AC76ACE2C8BEE1000EFC14C /* HomePageView.swift in Sources */ = {isa = PBXBuildFile; fileRef = 9AC76ACD2C8BEE1000EFC14C /* HomePageView.swift */; };
		9AC76AD02C8BF0EF00EFC14C /* ProfileCreationView.swift in Sources */ = {isa = PBXBuildFile; fileRef = 9AC76ACF2C8BF0EF00EFC14C /* ProfileCreationView.swift */; };
/* End PBXBuildFile section */

/* Begin PBXFileReference section */
		9AB3622D2CAB359000CBA5DD /* UserRegistration.swift */ = {isa = PBXFileReference; lastKnownFileType = sourcecode.swift; path = UserRegistration.swift; sourceTree = "<group>"; };
		9AB3622F2CAB360C00CBA5DD /* UserLogin.swift */ = {isa = PBXFileReference; lastKnownFileType = sourcecode.swift; path = UserLogin.swift; sourceTree = "<group>"; };
		9AC76AAB2C8BD97E00EFC14C /* TeachEase.app */ = {isa = PBXFileReference; explicitFileType = wrapper.application; includeInIndex = 0; path = TeachEase.app; sourceTree = BUILT_PRODUCTS_DIR; };
		9AC76AAE2C8BD97E00EFC14C /* TeachEaseApp.swift */ = {isa = PBXFileReference; lastKnownFileType = sourcecode.swift; path = TeachEaseApp.swift; sourceTree = "<group>"; };
		9AC76AB02C8BD97E00EFC14C /* ContentView.swift */ = {isa = PBXFileReference; lastKnownFileType = sourcecode.swift; path = ContentView.swift; sourceTree = "<group>"; };
		9AC76AB22C8BD97F00EFC14C /* Assets.xcassets */ = {isa = PBXFileReference; lastKnownFileType = folder.assetcatalog; path = Assets.xcassets; sourceTree = "<group>"; };
		9AC76AB52C8BD97F00EFC14C /* Preview Assets.xcassets */ = {isa = PBXFileReference; lastKnownFileType = folder.assetcatalog; path = "Preview Assets.xcassets"; sourceTree = "<group>"; };
		9AC76ABE2C8BDFB700EFC14C /* GoogleService-Info.plist */ = {isa = PBXFileReference; fileEncoding = 4; lastKnownFileType = text.plist.xml; path = "GoogleService-Info.plist"; sourceTree = "<group>"; };
		9AC76AC92C8BEC2500EFC14C /* RegisterView.swift */ = {isa = PBXFileReference; lastKnownFileType = sourcecode.swift; path = RegisterView.swift; sourceTree = "<group>"; };
		9AC76ACB2C8BEDCE00EFC14C /* LoginView.swift */ = {isa = PBXFileReference; lastKnownFileType = sourcecode.swift; path = LoginView.swift; sourceTree = "<group>"; };
		9AC76ACD2C8BEE1000EFC14C /* HomePageView.swift */ = {isa = PBXFileReference; lastKnownFileType = sourcecode.swift; path = HomePageView.swift; sourceTree = "<group>"; };
		9AC76ACF2C8BF0EF00EFC14C /* ProfileCreationView.swift */ = {isa = PBXFileReference; lastKnownFileType = sourcecode.swift; path = ProfileCreationView.swift; sourceTree = "<group>"; };
/* End PBXFileReference section */

/* Begin PBXFrameworksBuildPhase section */
		9AC76AA82C8BD97E00EFC14C /* Frameworks */ = {
			isa = PBXFrameworksBuildPhase;
			buildActionMask = 2147483647;
			files = (
				9AC76AC22C8BE34000EFC14C /* FirebaseAuth in Frameworks */,
				9AC76AC42C8BE34000EFC14C /* FirebaseFirestore in Frameworks */,
				9AC76AC62C8BE34000EFC14C /* FirebaseStorage in Frameworks */,
			);
			runOnlyForDeploymentPostprocessing = 0;
		};
/* End PBXFrameworksBuildPhase section */

/* Begin PBXGroup section */
		9AB362292CAB2D1700CBA5DD /* Account */ = {
			isa = PBXGroup;
			children = (
				9AC76AC92C8BEC2500EFC14C /* RegisterView.swift */,
				9AC76ACB2C8BEDCE00EFC14C /* LoginView.swift */,
				9AC76ACF2C8BF0EF00EFC14C /* ProfileCreationView.swift */,
			);
			path = Account;
			sourceTree = "<group>";
		};
		9AB3622A2CAB2E0F00CBA5DD /* Models */ = {
			isa = PBXGroup;
			children = (
				9AB3622D2CAB359000CBA5DD /* UserRegistration.swift */,
				9AB3622F2CAB360C00CBA5DD /* UserLogin.swift */,
			);
			path = Models;
			sourceTree = "<group>";
		};
		9AC76AA22C8BD97E00EFC14C = {
			isa = PBXGroup;
			children = (
				9AC76AAD2C8BD97E00EFC14C /* TeachEase */,
				9AC76AAC2C8BD97E00EFC14C /* Products */,
			);
			sourceTree = "<group>";
		};
		9AC76AAC2C8BD97E00EFC14C /* Products */ = {
			isa = PBXGroup;
			children = (
				9AC76AAB2C8BD97E00EFC14C /* TeachEase.app */,
			);
			name = Products;
			sourceTree = "<group>";
		};
		9AC76AAD2C8BD97E00EFC14C /* TeachEase */ = {
			isa = PBXGroup;
			children = (
				9AC76AAE2C8BD97E00EFC14C /* TeachEaseApp.swift */,
				9AC76AB02C8BD97E00EFC14C /* ContentView.swift */,
				9AB362292CAB2D1700CBA5DD /* Account */,
				9AC76ACD2C8BEE1000EFC14C /* HomePageView.swift */,
				9AB3622A2CAB2E0F00CBA5DD /* Models */,
				9AC76AB22C8BD97F00EFC14C /* Assets.xcassets */,
				9AC76AB42C8BD97F00EFC14C /* Preview Content */,
			);
			path = TeachEase;
			sourceTree = "<group>";
		};
		9AC76AB42C8BD97F00EFC14C /* Preview Content */ = {
			isa = PBXGroup;
			children = (
				9AC76AB52C8BD97F00EFC14C /* Preview Assets.xcassets */,
				9AC76ABE2C8BDFB700EFC14C /* GoogleService-Info.plist */,
			);
			path = "Preview Content";
			sourceTree = "<group>";
		};
/* End PBXGroup section */

/* Begin PBXNativeTarget section */
		9AC76AAA2C8BD97E00EFC14C /* TeachEase */ = {
			isa = PBXNativeTarget;
			buildConfigurationList = 9AC76AB92C8BD97F00EFC14C /* Build configuration list for PBXNativeTarget "TeachEase" */;
			buildPhases = (
				9AC76AA72C8BD97E00EFC14C /* Sources */,
				9AC76AA82C8BD97E00EFC14C /* Frameworks */,
				9AC76AA92C8BD97E00EFC14C /* Resources */,
			);
			buildRules = (
			);
			dependencies = (
			);
			name = TeachEase;
			packageProductDependencies = (
				9AC76AC12C8BE34000EFC14C /* FirebaseAuth */,
				9AC76AC32C8BE34000EFC14C /* FirebaseFirestore */,
				9AC76AC52C8BE34000EFC14C /* FirebaseStorage */,
			);
			productName = TeachEase;
			productReference = 9AC76AAB2C8BD97E00EFC14C /* TeachEase.app */;
			productType = "com.apple.product-type.application";
		};
/* End PBXNativeTarget section */

/* Begin PBXProject section */
		9AC76AA32C8BD97E00EFC14C /* Project object */ = {
			isa = PBXProject;
			attributes = {
				BuildIndependentTargetsInParallel = 1;
				LastSwiftUpdateCheck = 1540;
				LastUpgradeCheck = 1540;
				TargetAttributes = {
					9AC76AAA2C8BD97E00EFC14C = {
						CreatedOnToolsVersion = 15.4;
					};
				};
			};
			buildConfigurationList = 9AC76AA62C8BD97E00EFC14C /* Build configuration list for PBXProject "TeachEase" */;
			compatibilityVersion = "Xcode 14.0";
			developmentRegion = en;
			hasScannedForEncodings = 0;
			knownRegions = (
				en,
				Base,
			);
			mainGroup = 9AC76AA22C8BD97E00EFC14C;
			packageReferences = (
				9AC76AC02C8BE34000EFC14C /* XCRemoteSwiftPackageReference "firebase-ios-sdk" */,
			);
			productRefGroup = 9AC76AAC2C8BD97E00EFC14C /* Products */;
			projectDirPath = "";
			projectRoot = "";
			targets = (
				9AC76AAA2C8BD97E00EFC14C /* TeachEase */,
			);
		};
/* End PBXProject section */

/* Begin PBXResourcesBuildPhase section */
		9AC76AA92C8BD97E00EFC14C /* Resources */ = {
			isa = PBXResourcesBuildPhase;
			buildActionMask = 2147483647;
			files = (
				9AC76AB62C8BD97F00EFC14C /* Preview Assets.xcassets in Resources */,
				9AC76AB32C8BD97F00EFC14C /* Assets.xcassets in Resources */,
				9AC76ABF2C8BDFB700EFC14C /* GoogleService-Info.plist in Resources */,
			);
			runOnlyForDeploymentPostprocessing = 0;
		};
/* End PBXResourcesBuildPhase section */

/* Begin PBXSourcesBuildPhase section */
		9AC76AA72C8BD97E00EFC14C /* Sources */ = {
			isa = PBXSourcesBuildPhase;
			buildActionMask = 2147483647;
			files = (
				9AB3622E2CAB359000CBA5DD /* UserRegistration.swift in Sources */,
				9AC76ACA2C8BEC2500EFC14C /* RegisterView.swift in Sources */,
				9AB362302CAB360C00CBA5DD /* UserLogin.swift in Sources */,
				9AC76AB12C8BD97E00EFC14C /* ContentView.swift in Sources */,
				9AC76ACC2C8BEDCE00EFC14C /* LoginView.swift in Sources */,
				9AC76AD02C8BF0EF00EFC14C /* ProfileCreationView.swift in Sources */,
				9AC76AAF2C8BD97E00EFC14C /* TeachEaseApp.swift in Sources */,
				9AC76ACE2C8BEE1000EFC14C /* HomePageView.swift in Sources */,
			);
			runOnlyForDeploymentPostprocessing = 0;
		};
/* End PBXSourcesBuildPhase section */

/* Begin XCBuildConfiguration section */
		9AC76AB72C8BD97F00EFC14C /* Debug */ = {
			isa = XCBuildConfiguration;
			buildSettings = {
				ALWAYS_SEARCH_USER_PATHS = NO;
				ASSETCATALOG_COMPILER_GENERATE_SWIFT_ASSET_SYMBOL_EXTENSIONS = YES;
				CLANG_ANALYZER_NONNULL = YES;
				CLANG_ANALYZER_NUMBER_OBJECT_CONVERSION = YES_AGGRESSIVE;
				CLANG_CXX_LANGUAGE_STANDARD = "gnu++20";
				CLANG_ENABLE_MODULES = YES;
				CLANG_ENABLE_OBJC_ARC = YES;
				CLANG_ENABLE_OBJC_WEAK = YES;
				CLANG_WARN_BLOCK_CAPTURE_AUTORELEASING = YES;
				CLANG_WARN_BOOL_CONVERSION = YES;
				CLANG_WARN_COMMA = YES;
				CLANG_WARN_CONSTANT_CONVERSION = YES;
				CLANG_WARN_DEPRECATED_OBJC_IMPLEMENTATIONS = YES;
				CLANG_WARN_DIRECT_OBJC_ISA_USAGE = YES_ERROR;
				CLANG_WARN_DOCUMENTATION_COMMENTS = YES;
				CLANG_WARN_EMPTY_BODY = YES;
				CLANG_WARN_ENUM_CONVERSION = YES;
				CLANG_WARN_INFINITE_RECURSION = YES;
				CLANG_WARN_INT_CONVERSION = YES;
				CLANG_WARN_NON_LITERAL_NULL_CONVERSION = YES;
				CLANG_WARN_OBJC_IMPLICIT_RETAIN_SELF = YES;
				CLANG_WARN_OBJC_LITERAL_CONVERSION = YES;
				CLANG_WARN_OBJC_ROOT_CLASS = YES_ERROR;
				CLANG_WARN_QUOTED_INCLUDE_IN_FRAMEWORK_HEADER = YES;
				CLANG_WARN_RANGE_LOOP_ANALYSIS = YES;
				CLANG_WARN_STRICT_PROTOTYPES = YES;
				CLANG_WARN_SUSPICIOUS_MOVE = YES;
				CLANG_WARN_UNGUARDED_AVAILABILITY = YES_AGGRESSIVE;
				CLANG_WARN_UNREACHABLE_CODE = YES;
				CLANG_WARN__DUPLICATE_METHOD_MATCH = YES;
				COPY_PHASE_STRIP = NO;
				DEBUG_INFORMATION_FORMAT = dwarf;
				ENABLE_STRICT_OBJC_MSGSEND = YES;
				ENABLE_TESTABILITY = YES;
				ENABLE_USER_SCRIPT_SANDBOXING = YES;
				GCC_C_LANGUAGE_STANDARD = gnu17;
				GCC_DYNAMIC_NO_PIC = NO;
				GCC_NO_COMMON_BLOCKS = YES;
				GCC_OPTIMIZATION_LEVEL = 0;
				GCC_PREPROCESSOR_DEFINITIONS = (
					"DEBUG=1",
					"$(inherited)",
				);
				GCC_WARN_64_TO_32_BIT_CONVERSION = YES;
				GCC_WARN_ABOUT_RETURN_TYPE = YES_ERROR;
				GCC_WARN_UNDECLARED_SELECTOR = YES;
				GCC_WARN_UNINITIALIZED_AUTOS = YES_AGGRESSIVE;
				GCC_WARN_UNUSED_FUNCTION = YES;
				GCC_WARN_UNUSED_VARIABLE = YES;
				IPHONEOS_DEPLOYMENT_TARGET = 17.5;
				LOCALIZATION_PREFERS_STRING_CATALOGS = YES;
				MTL_ENABLE_DEBUG_INFO = INCLUDE_SOURCE;
				MTL_FAST_MATH = YES;
				ONLY_ACTIVE_ARCH = YES;
				SDKROOT = iphoneos;
				SWIFT_ACTIVE_COMPILATION_CONDITIONS = "DEBUG $(inherited)";
				SWIFT_OPTIMIZATION_LEVEL = "-Onone";
			};
			name = Debug;
		};
		9AC76AB82C8BD97F00EFC14C /* Release */ = {
			isa = XCBuildConfiguration;
			buildSettings = {
				ALWAYS_SEARCH_USER_PATHS = NO;
				ASSETCATALOG_COMPILER_GENERATE_SWIFT_ASSET_SYMBOL_EXTENSIONS = YES;
				CLANG_ANALYZER_NONNULL = YES;
				CLANG_ANALYZER_NUMBER_OBJECT_CONVERSION = YES_AGGRESSIVE;
				CLANG_CXX_LANGUAGE_STANDARD = "gnu++20";
				CLANG_ENABLE_MODULES = YES;
				CLANG_ENABLE_OBJC_ARC = YES;
				CLANG_ENABLE_OBJC_WEAK = YES;
				CLANG_WARN_BLOCK_CAPTURE_AUTORELEASING = YES;
				CLANG_WARN_BOOL_CONVERSION = YES;
				CLANG_WARN_COMMA = YES;
				CLANG_WARN_CONSTANT_CONVERSION = YES;
				CLANG_WARN_DEPRECATED_OBJC_IMPLEMENTATIONS = YES;
				CLANG_WARN_DIRECT_OBJC_ISA_USAGE = YES_ERROR;
				CLANG_WARN_DOCUMENTATION_COMMENTS = YES;
				CLANG_WARN_EMPTY_BODY = YES;
				CLANG_WARN_ENUM_CONVERSION = YES;
				CLANG_WARN_INFINITE_RECURSION = YES;
				CLANG_WARN_INT_CONVERSION = YES;
				CLANG_WARN_NON_LITERAL_NULL_CONVERSION = YES;
				CLANG_WARN_OBJC_IMPLICIT_RETAIN_SELF = YES;
				CLANG_WARN_OBJC_LITERAL_CONVERSION = YES;
				CLANG_WARN_OBJC_ROOT_CLASS = YES_ERROR;
				CLANG_WARN_QUOTED_INCLUDE_IN_FRAMEWORK_HEADER = YES;
				CLANG_WARN_RANGE_LOOP_ANALYSIS = YES;
				CLANG_WARN_STRICT_PROTOTYPES = YES;
				CLANG_WARN_SUSPICIOUS_MOVE = YES;
				CLANG_WARN_UNGUARDED_AVAILABILITY = YES_AGGRESSIVE;
				CLANG_WARN_UNREACHABLE_CODE = YES;
				CLANG_WARN__DUPLICATE_METHOD_MATCH = YES;
				COPY_PHASE_STRIP = NO;
				DEBUG_INFORMATION_FORMAT = "dwarf-with-dsym";
				ENABLE_NS_ASSERTIONS = NO;
				ENABLE_STRICT_OBJC_MSGSEND = YES;
				ENABLE_USER_SCRIPT_SANDBOXING = YES;
				GCC_C_LANGUAGE_STANDARD = gnu17;
				GCC_NO_COMMON_BLOCKS = YES;
				GCC_WARN_64_TO_32_BIT_CONVERSION = YES;
				GCC_WARN_ABOUT_RETURN_TYPE = YES_ERROR;
				GCC_WARN_UNDECLARED_SELECTOR = YES;
				GCC_WARN_UNINITIALIZED_AUTOS = YES_AGGRESSIVE;
				GCC_WARN_UNUSED_FUNCTION = YES;
				GCC_WARN_UNUSED_VARIABLE = YES;
				IPHONEOS_DEPLOYMENT_TARGET = 17.5;
				LOCALIZATION_PREFERS_STRING_CATALOGS = YES;
				MTL_ENABLE_DEBUG_INFO = NO;
				MTL_FAST_MATH = YES;
				SDKROOT = iphoneos;
				SWIFT_COMPILATION_MODE = wholemodule;
				VALIDATE_PRODUCT = YES;
			};
			name = Release;
		};
		9AC76ABA2C8BD97F00EFC14C /* Debug */ = {
			isa = XCBuildConfiguration;
			buildSettings = {
				ASSETCATALOG_COMPILER_APPICON_NAME = AppIcon;
				ASSETCATALOG_COMPILER_GLOBAL_ACCENT_COLOR_NAME = AccentColor;
				CODE_SIGN_STYLE = Automatic;
				CURRENT_PROJECT_VERSION = 1;
				DEVELOPMENT_ASSET_PATHS = "\"TeachEase/Preview Content\"";
				ENABLE_PREVIEWS = YES;
				GENERATE_INFOPLIST_FILE = YES;
				INFOPLIST_KEY_UIApplicationSceneManifest_Generation = YES;
				INFOPLIST_KEY_UIApplicationSupportsIndirectInputEvents = YES;
				INFOPLIST_KEY_UILaunchScreen_Generation = YES;
				INFOPLIST_KEY_UISupportedInterfaceOrientations_iPad = "UIInterfaceOrientationPortrait UIInterfaceOrientationPortraitUpsideDown UIInterfaceOrientationLandscapeLeft UIInterfaceOrientationLandscapeRight";
				INFOPLIST_KEY_UISupportedInterfaceOrientations_iPhone = "UIInterfaceOrientationPortrait UIInterfaceOrientationLandscapeLeft UIInterfaceOrientationLandscapeRight";
				LD_RUNPATH_SEARCH_PATHS = (
					"$(inherited)",
					"@executable_path/Frameworks",
				);
				MARKETING_VERSION = 1.0;
				PRODUCT_BUNDLE_IDENTIFIER = ca.georgian.kanchandeepkaur.TeachEase;
				PRODUCT_NAME = "$(TARGET_NAME)";
				SWIFT_EMIT_LOC_STRINGS = YES;
				SWIFT_VERSION = 5.0;
				TARGETED_DEVICE_FAMILY = "1,2";
			};
			name = Debug;
		};
		9AC76ABB2C8BD97F00EFC14C /* Release */ = {
			isa = XCBuildConfiguration;
			buildSettings = {
				ASSETCATALOG_COMPILER_APPICON_NAME = AppIcon;
				ASSETCATALOG_COMPILER_GLOBAL_ACCENT_COLOR_NAME = AccentColor;
				CODE_SIGN_STYLE = Automatic;
				CURRENT_PROJECT_VERSION = 1;
				DEVELOPMENT_ASSET_PATHS = "\"TeachEase/Preview Content\"";
				ENABLE_PREVIEWS = YES;
				GENERATE_INFOPLIST_FILE = YES;
				INFOPLIST_KEY_UIApplicationSceneManifest_Generation = YES;
				INFOPLIST_KEY_UIApplicationSupportsIndirectInputEvents = YES;
				INFOPLIST_KEY_UILaunchScreen_Generation = YES;
				INFOPLIST_KEY_UISupportedInterfaceOrientations_iPad = "UIInterfaceOrientationPortrait UIInterfaceOrientationPortraitUpsideDown UIInterfaceOrientationLandscapeLeft UIInterfaceOrientationLandscapeRight";
				INFOPLIST_KEY_UISupportedInterfaceOrientations_iPhone = "UIInterfaceOrientationPortrait UIInterfaceOrientationLandscapeLeft UIInterfaceOrientationLandscapeRight";
				LD_RUNPATH_SEARCH_PATHS = (
					"$(inherited)",
					"@executable_path/Frameworks",
				);
				MARKETING_VERSION = 1.0;
				PRODUCT_BUNDLE_IDENTIFIER = ca.georgian.kanchandeepkaur.TeachEase;
				PRODUCT_NAME = "$(TARGET_NAME)";
				SWIFT_EMIT_LOC_STRINGS = YES;
				SWIFT_VERSION = 5.0;
				TARGETED_DEVICE_FAMILY = "1,2";
			};
			name = Release;
		};
/* End XCBuildConfiguration section */

/* Begin XCConfigurationList section */
		9AC76AA62C8BD97E00EFC14C /* Build configuration list for PBXProject "TeachEase" */ = {
			isa = XCConfigurationList;
			buildConfigurations = (
				9AC76AB72C8BD97F00EFC14C /* Debug */,
				9AC76AB82C8BD97F00EFC14C /* Release */,
			);
			defaultConfigurationIsVisible = 0;
			defaultConfigurationName = Release;
		};
		9AC76AB92C8BD97F00EFC14C /* Build configuration list for PBXNativeTarget "TeachEase" */ = {
			isa = XCConfigurationList;
			buildConfigurations = (
				9AC76ABA2C8BD97F00EFC14C /* Debug */,
				9AC76ABB2C8BD97F00EFC14C /* Release */,
			);
			defaultConfigurationIsVisible = 0;
			defaultConfigurationName = Release;
		};
/* End XCConfigurationList section */

/* Begin XCRemoteSwiftPackageReference section */
		9AC76AC02C8BE34000EFC14C /* XCRemoteSwiftPackageReference "firebase-ios-sdk" */ = {
			isa = XCRemoteSwiftPackageReference;
			repositoryURL = "https://github.com/firebase/firebase-ios-sdk.git";
			requirement = {
				kind = upToNextMajorVersion;
				minimumVersion = 11.1.0;
			};
		};
/* End XCRemoteSwiftPackageReference section */

/* Begin XCSwiftPackageProductDependency section */
		9AC76AC12C8BE34000EFC14C /* FirebaseAuth */ = {
			isa = XCSwiftPackageProductDependency;
			package = 9AC76AC02C8BE34000EFC14C /* XCRemoteSwiftPackageReference "firebase-ios-sdk" */;
			productName = FirebaseAuth;
		};
		9AC76AC32C8BE34000EFC14C /* FirebaseFirestore */ = {
			isa = XCSwiftPackageProductDependency;
			package = 9AC76AC02C8BE34000EFC14C /* XCRemoteSwiftPackageReference "firebase-ios-sdk" */;
			productName = FirebaseFirestore;
		};
		9AC76AC52C8BE34000EFC14C /* FirebaseStorage */ = {
			isa = XCSwiftPackageProductDependency;
			package = 9AC76AC02C8BE34000EFC14C /* XCRemoteSwiftPackageReference "firebase-ios-sdk" */;
			productName = FirebaseStorage;
		};
/* End XCSwiftPackageProductDependency section */
	};
	rootObject = 9AC76AA32C8BD97E00EFC14C /* Project object */;
}
